{
  "requires": true,
  "lockfileVersion": 1,
  "dependencies": {
    "exenv": {
      "version": "1.2.2",
      "resolved": "https://registry.npmjs.org/exenv/-/exenv-1.2.2.tgz",
      "integrity": "sha1-KueOhdmJQVhnCwPUe+wfA72Ru50="
    },
    "react-from-dom": {
      "version": "0.3.1",
      "resolved": "https://registry.npmjs.org/react-from-dom/-/react-from-dom-0.3.1.tgz",
      "integrity": "sha512-PeNBa8iuzoD7qHA9O7YpGnXFvC+XFFwStmFh2/r2zJAvEIaRg6EwOj+EPcDIFwyYBhqPIItxIx/dGdeWiFivjQ=="
    },
    "react-inlinesvg": {
      "version": "1.2.0",
      "resolved": "https://registry.npmjs.org/react-inlinesvg/-/react-inlinesvg-1.2.0.tgz",
      "integrity": "sha512-IsznU+UzpUwDGzBWbf0bfSRA5Jbqz87xeoqLM/nSIDPkoHksInF1wCGybTSn4sIui+30TqboRQP1wAelNTkdog==",
      "requires": {
        "exenv": "^1.2.2",
        "react-from-dom": "^0.3.0"
      }
    }
  }
}
